
Microsoft Visual Studio Solution File, Format Version 12.00
# Visual Studio Version 17
VisualStudioVersion = 17.10.35013.160
MinimumVisualStudioVersion = 10.0.40219.1
Project("{FAE04EC0-301F-11D3-BF4B-00C04F79EFBC}") = "Rohan-Lab2", "Rohan-Lab2\Rohan-Lab2.csproj", "{8E86D5D0-0990-44DC-9DC3-F820B648F665}"
EndProject
Global
	GlobalSection(SolutionConfigurationPlatforms) = preSolution
		Debug|Any CPU = Debug|Any CPU
		Release|Any CPU = Release|Any CPU
	EndGlobalSection
	GlobalSection(ProjectConfigurationPlatforms) = postSolution
		{8E86D5D0-0990-44DC-9DC3-F820B648F665}.Debug|Any CPU.ActiveCfg = Debug|Any CPU
		{8E86D5D0-0990-44DC-9DC3-F820B648F665}.Debug|Any CPU.Build.0 = Debug|Any CPU
		{8E86D5D0-0990-44DC-9DC3-F820B648F665}.Release|Any CPU.ActiveCfg = Release|Any CPU
		{8E86D5D0-0990-44DC-9DC3-F820B648F665}.Release|Any CPU.Build.0 = Release|Any CPU
	EndGlobalSection
	GlobalSection(SolutionProperties) = preSolution
		HideSolutionNode = FALSE
	EndGlobalSection
	GlobalSection(ExtensibilityGlobals) = postSolution
		SolutionGuid = {E9806992-932A-43A2-BD55-BF33B8EC2275}
	EndGlobalSection
EndGlobal
